
Microsoft Visual Studio Solution File, Format Version 12.00
# Visual Studio Version 17
VisualStudioVersion = 17.9.34616.47
MinimumVisualStudioVersion = 10.0.40219.1
Project("{FAE04EC0-301F-11D3-BF4B-00C04F79EFBC}") = "tpmodul6_1302220080", "tpmodul6_1302220080\tpmodul6_1302220080.csproj", "{691691B4-8B4F-470A-8B7E-2CE5B90C43D8}"
EndProject
Global
	GlobalSection(SolutionConfigurationPlatforms) = preSolution
		Debug|Any CPU = Debug|Any CPU
		Release|Any CPU = Release|Any CPU
	EndGlobalSection
	GlobalSection(ProjectConfigurationPlatforms) = postSolution
		{691691B4-8B4F-470A-8B7E-2CE5B90C43D8}.Debug|Any CPU.ActiveCfg = Debug|Any CPU
		{691691B4-8B4F-470A-8B7E-2CE5B90C43D8}.Debug|Any CPU.Build.0 = Debug|Any CPU
		{691691B4-8B4F-470A-8B7E-2CE5B90C43D8}.Release|Any CPU.ActiveCfg = Release|Any CPU
		{691691B4-8B4F-470A-8B7E-2CE5B90C43D8}.Release|Any CPU.Build.0 = Release|Any CPU
	EndGlobalSection
	GlobalSection(SolutionProperties) = preSolution
		HideSolutionNode = FALSE
	EndGlobalSection
	GlobalSection(ExtensibilityGlobals) = postSolution
		SolutionGuid = {9BF62C73-B72F-43BF-B3FE-284CA6865C46}
	EndGlobalSection
EndGlobal
